{
  "name": "dynamic",
  "version": "1.0.0",
  "lockfileVersion": 2,
  "requires": true,
  "packages": {
    "": {
      "name": "dynamic",
      "version": "1.0.0",
      "license": "ISC",
      "dependencies": {
        "@bufferings/hello-circleci-config-sdk": "^0.0.2"
      }
    },
    "node_modules/@bufferings/hello-circleci-config-sdk": {
      "version": "0.0.2",
      "resolved": "https://registry.npmjs.org/@bufferings/hello-circleci-config-sdk/-/hello-circleci-config-sdk-0.0.2.tgz",
      "integrity": "sha512-gtRqQ6o+Gp00Nnx/UOetOl14ZjPC0CklBvpGrl01KpzJvNbbmA9yXJsef0xxa4r1qxsJpf/MBMSnIXH1VwOJeg==",
      "dependencies": {
        "@circleci/circleci-config-sdk": "^0.10.0"
      }
    },
    "node_modules/@circleci/circleci-config-sdk": {
      "version": "0.10.0",
      "resolved": "https://registry.npmjs.org/@circleci/circleci-config-sdk/-/circleci-config-sdk-0.10.0.tgz",
      "integrity": "sha512-NGqUgDCnfH+3JwLfhFnHjbbsXCjLcRXWpYVq5gnCTw//orVNXwE0JW6BXPZMLdCRcvzl3pq3unYxfQrmrPEIsQ==",
      "dependencies": {
        "yaml": "2.1.1"
      }
    },
    "node_modules/yaml": {
      "version": "2.1.1",
      "resolved": "https://registry.npmjs.org/yaml/-/yaml-2.1.1.tgz",
      "integrity": "sha512-o96x3OPo8GjWeSLF+wOAbrPfhFOGY0W00GNaxCDv+9hkcDJEnev1yh8S7pgHF0ik6zc8sQLuL8hjHjJULZp8bw==",
      "engines": {
        "node": ">= 14"
      }
    }
  },
  "dependencies": {
    "@bufferings/hello-circleci-config-sdk": {
      "version": "0.0.2",
      "resolved": "https://registry.npmjs.org/@bufferings/hello-circleci-config-sdk/-/hello-circleci-config-sdk-0.0.2.tgz",
      "integrity": "sha512-gtRqQ6o+Gp00Nnx/UOetOl14ZjPC0CklBvpGrl01KpzJvNbbmA9yXJsef0xxa4r1qxsJpf/MBMSnIXH1VwOJeg==",
      "requires": {
        "@circleci/circleci-config-sdk": "^0.10.0"
      }
    },
    "@circleci/circleci-config-sdk": {
      "version": "0.10.0",
      "resolved": "https://registry.npmjs.org/@circleci/circleci-config-sdk/-/circleci-config-sdk-0.10.0.tgz",
      "integrity": "sha512-NGqUgDCnfH+3JwLfhFnHjbbsXCjLcRXWpYVq5gnCTw//orVNXwE0JW6BXPZMLdCRcvzl3pq3unYxfQrmrPEIsQ==",
      "requires": {
        "yaml": "2.1.1"
      }
    },
    "yaml": {
      "version": "2.1.1",
      "resolved": "https://registry.npmjs.org/yaml/-/yaml-2.1.1.tgz",
      "integrity": "sha512-o96x3OPo8GjWeSLF+wOAbrPfhFOGY0W00GNaxCDv+9hkcDJEnev1yh8S7pgHF0ik6zc8sQLuL8hjHjJULZp8bw=="
    }
  }
}
